
Microsoft Visual Studio Solution File, Format Version 12.00
# Visual Studio Version 17
VisualStudioVersion = 17.9.34607.119
MinimumVisualStudioVersion = 10.0.40219.1
Project("{FAE04EC0-301F-11D3-BF4B-00C04F79EFBC}") = "ScreenSound5", "ScreenSound5.csproj", "{DE33A264-27B7-4565-8874-0EB40B78464B}"
EndProject
Global
	GlobalSection(SolutionConfigurationPlatforms) = preSolution
		Debug|Any CPU = Debug|Any CPU
		Release|Any CPU = Release|Any CPU
	EndGlobalSection
	GlobalSection(ProjectConfigurationPlatforms) = postSolution
		{DE33A264-27B7-4565-8874-0EB40B78464B}.Debug|Any CPU.ActiveCfg = Debug|Any CPU
		{DE33A264-27B7-4565-8874-0EB40B78464B}.Debug|Any CPU.Build.0 = Debug|Any CPU
		{DE33A264-27B7-4565-8874-0EB40B78464B}.Release|Any CPU.ActiveCfg = Release|Any CPU
		{DE33A264-27B7-4565-8874-0EB40B78464B}.Release|Any CPU.Build.0 = Release|Any CPU
	EndGlobalSection
	GlobalSection(SolutionProperties) = preSolution
		HideSolutionNode = FALSE
	EndGlobalSection
	GlobalSection(ExtensibilityGlobals) = postSolution
		SolutionGuid = {C56FCFF9-856E-41BC-B4CC-77AF331E42CD}
	EndGlobalSection
EndGlobal
