
Microsoft Visual Studio Solution File, Format Version 12.00
# Visual Studio Version 17
VisualStudioVersion = 17.9.34607.119
MinimumVisualStudioVersion = 10.0.40219.1
Project("{9A19103F-16F7-4668-BE54-9A1E7A4F7556}") = "ScreenSound", "ScreenSound.csproj", "{DE33A264-27B7-4565-8874-0EB40B78464B}"
EndProject
Project("{9A19103F-16F7-4668-BE54-9A1E7A4F7556}") = "ScreenSound.API", "..\ScreenSound.API\ScreenSound.API.csproj", "{0BE17640-B259-4A09-8B30-B82A09D28D55}"
EndProject
Project("{9A19103F-16F7-4668-BE54-9A1E7A4F7556}") = "ScreenSound.Shared.Modelos", "..\ScreenSound.Shared.Modelos\ScreenSound.Shared.Modelos.csproj", "{1B4A6E02-A1B5-4D6F-B6FF-4D04110E7949}"
EndProject
Project("{FAE04EC0-301F-11D3-BF4B-00C04F79EFBC}") = "ScreenSound.Shared.Dados", "..\ScreenSound.Shared.Dados\ScreenSound.Shared.Dados.csproj", "{DCC3C29F-DA00-43FC-A2D1-23028519D09F}"
EndProject
Global
	GlobalSection(SolutionConfigurationPlatforms) = preSolution
		Debug|Any CPU = Debug|Any CPU
		Release|Any CPU = Release|Any CPU
	EndGlobalSection
	GlobalSection(ProjectConfigurationPlatforms) = postSolution
		{DE33A264-27B7-4565-8874-0EB40B78464B}.Debug|Any CPU.ActiveCfg = Debug|Any CPU
		{DE33A264-27B7-4565-8874-0EB40B78464B}.Debug|Any CPU.Build.0 = Debug|Any CPU
		{DE33A264-27B7-4565-8874-0EB40B78464B}.Release|Any CPU.ActiveCfg = Release|Any CPU
		{DE33A264-27B7-4565-8874-0EB40B78464B}.Release|Any CPU.Build.0 = Release|Any CPU
		{0BE17640-B259-4A09-8B30-B82A09D28D55}.Debug|Any CPU.ActiveCfg = Debug|Any CPU
		{0BE17640-B259-4A09-8B30-B82A09D28D55}.Debug|Any CPU.Build.0 = Debug|Any CPU
		{0BE17640-B259-4A09-8B30-B82A09D28D55}.Release|Any CPU.ActiveCfg = Release|Any CPU
		{0BE17640-B259-4A09-8B30-B82A09D28D55}.Release|Any CPU.Build.0 = Release|Any CPU
		{1B4A6E02-A1B5-4D6F-B6FF-4D04110E7949}.Debug|Any CPU.ActiveCfg = Debug|Any CPU
		{1B4A6E02-A1B5-4D6F-B6FF-4D04110E7949}.Debug|Any CPU.Build.0 = Debug|Any CPU
		{1B4A6E02-A1B5-4D6F-B6FF-4D04110E7949}.Release|Any CPU.ActiveCfg = Release|Any CPU
		{1B4A6E02-A1B5-4D6F-B6FF-4D04110E7949}.Release|Any CPU.Build.0 = Release|Any CPU
		{DCC3C29F-DA00-43FC-A2D1-23028519D09F}.Debug|Any CPU.ActiveCfg = Debug|Any CPU
		{DCC3C29F-DA00-43FC-A2D1-23028519D09F}.Debug|Any CPU.Build.0 = Debug|Any CPU
		{DCC3C29F-DA00-43FC-A2D1-23028519D09F}.Release|Any CPU.ActiveCfg = Release|Any CPU
		{DCC3C29F-DA00-43FC-A2D1-23028519D09F}.Release|Any CPU.Build.0 = Release|Any CPU
	EndGlobalSection
	GlobalSection(SolutionProperties) = preSolution
		HideSolutionNode = FALSE
	EndGlobalSection
	GlobalSection(ExtensibilityGlobals) = postSolution
		SolutionGuid = {C56FCFF9-856E-41BC-B4CC-77AF331E42CD}
	EndGlobalSection
EndGlobal
